<?xml version="1.0" encoding="utf-8"?>
<Project ToolsVersion="4.0" xmlns="http://schemas.microsoft.com/developer/msbuild/2003">
  <ItemGroup>
    <Filter Include="Source Files">
      <UniqueIdentifier>{61579906-0f3d-406a-b342-7713ee4bd80d}</UniqueIdentifier>
      <Extensions>cpp;c;cxx;rc;def;r;odl;idl;hpj;bat</Extensions>
    </Filter>
    <Filter Include="Header Files">
      <UniqueIdentifier>{f71bf856-1b2e-4fcd-aabb-66bca4ee11c6}</UniqueIdentifier>
      <Extensions>h;hpp;hxx;hm;inl</Extensions>
    </Filter>
    <Filter Include="Resource Files">
      <UniqueIdentifier>{875472f7-283b-4abc-b7bf-e1b4258bf520}</UniqueIdentifier>
      <Extensions>ico;cur;bmp;dlg;rc2;rct;bin;rgs;gif;jpg;jpeg;jpe</Extensions>
    </Filter>
  </ItemGroup>
  <ItemGroup>
    <ClCompile Include="blockfile\blk_file.cpp">
      <Filter>Source Files</Filter>
    </ClCompile>
    <ClCompile Include="blockfile\cache.cpp">
      <Filter>Source Files</Filter>
    </ClCompile>
    <ClCompile Include="rtree\entry.cpp">
      <Filter>Source Files</Filter>
    </ClCompile>
    <ClCompile Include="func\functions.cpp">
      <Filter>Source Files</Filter>
    </ClCompile>
    <ClCompile Include="heap\heap.cpp">
      <Filter>Source Files</Filter>
    </ClCompile>
    <ClCompile Include="linlist\linlist.cpp">
      <Filter>Source Files</Filter>
    </ClCompile>
    <ClCompile Include="main.cpp">
      <Filter>Source Files</Filter>
    </ClCompile>
    <ClCompile Include="rtree\rtnode.cpp">
      <Filter>Source Files</Filter>
    </ClCompile>
    <ClCompile Include="rtree\rtree.cpp">
      <Filter>Source Files</Filter>
    </ClCompile>
    <ClCompile Include="object.cpp">
      <Filter>Source Files</Filter>
    </ClCompile>
    <ClCompile Include="RAF.cpp">
      <Filter>Source Files</Filter>
    </ClCompile>
    <ClCompile Include="basemetric.cpp">
      <Filter>Source Files</Filter>
    </ClCompile>
  </ItemGroup>
  <ItemGroup>
    <ClInclude Include="blockfile\blk_file.h">
      <Filter>Header Files</Filter>
    </ClInclude>
    <ClInclude Include="blockfile\cache.h">
      <Filter>Header Files</Filter>
    </ClInclude>
    <ClInclude Include="rtree\entry.h">
      <Filter>Header Files</Filter>
    </ClInclude>
    <ClInclude Include="func\gendef.h">
      <Filter>Header Files</Filter>
    </ClInclude>
    <ClInclude Include="heap\heap.h">
      <Filter>Header Files</Filter>
    </ClInclude>
    <ClInclude Include="linlist\linlist.h">
      <Filter>Header Files</Filter>
    </ClInclude>
    <ClInclude Include="rtree\rtnode.h">
      <Filter>Header Files</Filter>
    </ClInclude>
    <ClInclude Include="rtree\rtree.h">
      <Filter>Header Files</Filter>
    </ClInclude>
    <ClInclude Include="object.h">
      <Filter>Header Files</Filter>
    </ClInclude>
    <ClInclude Include="RAF.h">
      <Filter>Header Files</Filter>
    </ClInclude>
    <ClInclude Include="basemetric.h">
      <Filter>Header Files</Filter>
    </ClInclude>
  </ItemGroup>
</Project>